
Microsoft Visual Studio Solution File, Format Version 12.00
# Visual Studio Version 16
VisualStudioVersion = 16.0.31729.503
MinimumVisualStudioVersion = 10.0.40219.1
Project("{8BC9CEB8-8B4A-11D0-8D11-00A0C91BC942}") = "25,10,2021 Указатели", "25,10,2021 Указатели\25,10,2021 Указатели.vcxproj", "{E97A4710-4B22-46B4-8064-DE4EF34A47E2}"
EndProject
Project("{8BC9CEB8-8B4A-11D0-8D11-00A0C91BC942}") = "TransferParameters", "TransferParameters\TransferParameters.vcxproj", "{F8B1F56F-506B-4409-B29B-96C59B23EC9A}"
EndProject
Global
	GlobalSection(SolutionConfigurationPlatforms) = preSolution
		Debug|x64 = Debug|x64
		Debug|x86 = Debug|x86
		Release|x64 = Release|x64
		Release|x86 = Release|x86
	EndGlobalSection
	GlobalSection(ProjectConfigurationPlatforms) = postSolution
		{E97A4710-4B22-46B4-8064-DE4EF34A47E2}.Debug|x64.ActiveCfg = Debug|x64
		{E97A4710-4B22-46B4-8064-DE4EF34A47E2}.Debug|x64.Build.0 = Debug|x64
		{E97A4710-4B22-46B4-8064-DE4EF34A47E2}.Debug|x86.ActiveCfg = Debug|Win32
		{E97A4710-4B22-46B4-8064-DE4EF34A47E2}.Debug|x86.Build.0 = Debug|Win32
		{E97A4710-4B22-46B4-8064-DE4EF34A47E2}.Release|x64.ActiveCfg = Release|x64
		{E97A4710-4B22-46B4-8064-DE4EF34A47E2}.Release|x64.Build.0 = Release|x64
		{E97A4710-4B22-46B4-8064-DE4EF34A47E2}.Release|x86.ActiveCfg = Release|Win32
		{E97A4710-4B22-46B4-8064-DE4EF34A47E2}.Release|x86.Build.0 = Release|Win32
		{F8B1F56F-506B-4409-B29B-96C59B23EC9A}.Debug|x64.ActiveCfg = Debug|x64
		{F8B1F56F-506B-4409-B29B-96C59B23EC9A}.Debug|x64.Build.0 = Debug|x64
		{F8B1F56F-506B-4409-B29B-96C59B23EC9A}.Debug|x86.ActiveCfg = Debug|Win32
		{F8B1F56F-506B-4409-B29B-96C59B23EC9A}.Debug|x86.Build.0 = Debug|Win32
		{F8B1F56F-506B-4409-B29B-96C59B23EC9A}.Release|x64.ActiveCfg = Release|x64
		{F8B1F56F-506B-4409-B29B-96C59B23EC9A}.Release|x64.Build.0 = Release|x64
		{F8B1F56F-506B-4409-B29B-96C59B23EC9A}.Release|x86.ActiveCfg = Release|Win32
		{F8B1F56F-506B-4409-B29B-96C59B23EC9A}.Release|x86.Build.0 = Release|Win32
	EndGlobalSection
	GlobalSection(SolutionProperties) = preSolution
		HideSolutionNode = FALSE
	EndGlobalSection
	GlobalSection(ExtensibilityGlobals) = postSolution
		SolutionGuid = {9136B58C-AFA5-4E38-BCA9-A06C3B3B842F}
	EndGlobalSection
EndGlobal
